# This file was autogenerated by Stack.
# You should not edit this file by hand.
# For more information, please see the documentation at:
#   https://docs.haskellstack.org/en/stable/lock_files

packages: []
snapshots:
- completed:
    size: 524392
    url: https://raw.githubusercontent.com/commercialhaskell/stackage-snapshots/master/nightly/2020/8/8.yaml
    sha256: 21b78cd42414558e6e381666a51ab92b405f969ab1d675137fd55ef557edc9a4
  original: nightly-2020-08-08
